{
  "name": "anatomy-web-gui",
  "version": "0.1.0",
  "lockfileVersion": 1,
  "requires": true,
  "dependencies": {
    "@types/prop-types": {
      "version": "15.5.9",
      "resolved": "https://registry.npmjs.org/@types/prop-types/-/prop-types-15.5.9.tgz",
      "integrity": "sha512-Nha5b+jmBI271jdTMwrHiNXM+DvThjHOfyZtMX9kj/c/LUj2xiLHsG/1L3tJ8DjAoQN48cHwUwtqBotjyXaSdQ==",
      "dev": true
    },
    "@types/react": {
      "version": "16.8.3",
      "resolved": "https://registry.npmjs.org/@types/react/-/react-16.8.3.tgz",
      "integrity": "sha512-PjPocAxL9SNLjYMP4dfOShW/rj9FDBJGu3JFRt0zEYf77xfihB6fq8zfDpMrV6s82KnAi7F1OEe5OsQX25Ybdw==",
      "dev": true,
      "requires": {
        "@types/prop-types": "*",
        "csstype": "^2.2.0"
      }
    },
    "csstype": {
      "version": "2.6.2",
      "resolved": "https://registry.npmjs.org/csstype/-/csstype-2.6.2.tgz",
      "integrity": "sha512-Rl7PvTae0pflc1YtxtKbiSqq20Ts6vpIYOD5WBafl4y123DyHUeLrRdQP66sQW8/6gmX8jrYJLXwNeMqYVJcow==",
      "dev": true
    },
    "tslib": {
      "version": "1.9.3",
      "resolved": "https://registry.npmjs.org/tslib/-/tslib-1.9.3.tgz",
      "integrity": "sha512-4krF8scpejhaOgqzBEcGM7yDIEfi0/8+8zDRZhNZZ2kjmHJ4hv3zCbQWxoJGz1iw5U0Jl0nma13xzHXcncMavQ=="
    }
  }
}
